
Microsoft Visual Studio Solution File, Format Version 12.00
# Visual Studio 15
VisualStudioVersion = 15.0.27703.2047
MinimumVisualStudioVersion = 10.0.40219.1
Project("{FAE04EC0-301F-11D3-BF4B-00C04F79EFBC}") = "CapitecCodingAssignment", "CapitecCodingAssignment.csproj", "{6DD1477A-5620-41CA-8211-177C8E4D13AB}"
EndProject
Global
	GlobalSection(SolutionConfigurationPlatforms) = preSolution
		Debug|Any CPU = Debug|Any CPU
		Release|Any CPU = Release|Any CPU
	EndGlobalSection
	GlobalSection(ProjectConfigurationPlatforms) = postSolution
		{6DD1477A-5620-41CA-8211-177C8E4D13AB}.Debug|Any CPU.ActiveCfg = Debug|Any CPU
		{6DD1477A-5620-41CA-8211-177C8E4D13AB}.Debug|Any CPU.Build.0 = Debug|Any CPU
		{6DD1477A-5620-41CA-8211-177C8E4D13AB}.Release|Any CPU.ActiveCfg = Release|Any CPU
		{6DD1477A-5620-41CA-8211-177C8E4D13AB}.Release|Any CPU.Build.0 = Release|Any CPU
	EndGlobalSection
	GlobalSection(SolutionProperties) = preSolution
		HideSolutionNode = FALSE
	EndGlobalSection
	GlobalSection(ExtensibilityGlobals) = postSolution
		SolutionGuid = {378EBAE2-430F-4262-A573-0CBCA56BC28F}
	EndGlobalSection
EndGlobal
